
Microsoft Visual Studio Solution File, Format Version 12.00
# Visual Studio Version 17
VisualStudioVersion = 17.7.34031.279
MinimumVisualStudioVersion = 10.0.40219.1
Project("{FAE04EC0-301F-11D3-BF4B-00C04F79EFBC}") = "SalesWebMvc", "SalesWebMvc\SalesWebMvc.csproj", "{616C8C98-AF6B-49CB-BB54-7B18D18E0977}"
EndProject
Global
	GlobalSection(SolutionConfigurationPlatforms) = preSolution
		Debug|Any CPU = Debug|Any CPU
		Release|Any CPU = Release|Any CPU
	EndGlobalSection
	GlobalSection(ProjectConfigurationPlatforms) = postSolution
		{616C8C98-AF6B-49CB-BB54-7B18D18E0977}.Debug|Any CPU.ActiveCfg = Debug|Any CPU
		{616C8C98-AF6B-49CB-BB54-7B18D18E0977}.Debug|Any CPU.Build.0 = Debug|Any CPU
		{616C8C98-AF6B-49CB-BB54-7B18D18E0977}.Release|Any CPU.ActiveCfg = Release|Any CPU
		{616C8C98-AF6B-49CB-BB54-7B18D18E0977}.Release|Any CPU.Build.0 = Release|Any CPU
	EndGlobalSection
	GlobalSection(SolutionProperties) = preSolution
		HideSolutionNode = FALSE
	EndGlobalSection
	GlobalSection(ExtensibilityGlobals) = postSolution
		SolutionGuid = {F8193117-9D32-4FBC-811B-30D3B7242261}
	EndGlobalSection
EndGlobal
